
Microsoft Visual Studio Solution File, Format Version 12.00
# Visual Studio Version 17
VisualStudioVersion = 17.2.32616.157
MinimumVisualStudioVersion = 10.0.40219.1
Project("{9A19103F-16F7-4668-BE54-9A1E7A4F7556}") = "DotnetSepa", "DotnetSepa\DotnetSepa.csproj", "{BA272891-7A7D-4801-BC2B-4523A7A79744}"
EndProject
Project("{2150E333-8FDC-42A3-9474-1A3956D46DE8}") = "Solution Items", "Solution Items", "{6B914914-7CEB-4E93-BE96-A44D5BBA9CC6}"
	ProjectSection(SolutionItems) = preProject
		.gitignore = .gitignore
	EndProjectSection
EndProject
Global
	GlobalSection(SolutionConfigurationPlatforms) = preSolution
		Debug|Any CPU = Debug|Any CPU
		Release|Any CPU = Release|Any CPU
	EndGlobalSection
	GlobalSection(ProjectConfigurationPlatforms) = postSolution
		{BA272891-7A7D-4801-BC2B-4523A7A79744}.Debug|Any CPU.ActiveCfg = Debug|Any CPU
		{BA272891-7A7D-4801-BC2B-4523A7A79744}.Debug|Any CPU.Build.0 = Debug|Any CPU
		{BA272891-7A7D-4801-BC2B-4523A7A79744}.Release|Any CPU.ActiveCfg = Release|Any CPU
		{BA272891-7A7D-4801-BC2B-4523A7A79744}.Release|Any CPU.Build.0 = Release|Any CPU
	EndGlobalSection
	GlobalSection(SolutionProperties) = preSolution
		HideSolutionNode = FALSE
	EndGlobalSection
	GlobalSection(ExtensibilityGlobals) = postSolution
		SolutionGuid = {15BDF72E-80E0-4F66-A9F5-B7307C359EBC}
	EndGlobalSection
EndGlobal
